
Microsoft Visual Studio Solution File, Format Version 12.00
Project("{FAE04EC0-301F-11D3-BF4B-00C04F79EFBC}") = "CodeCoverageTesting", "CodeCoverageTesting\CodeCoverageTesting.csproj", "{183D5E3D-9D77-46FF-8FE4-AD409F2BED02}"
EndProject
Project("{FAE04EC0-301F-11D3-BF4B-00C04F79EFBC}") = "CodeCoverageTesting.UnitTests", "CodeCoverageTesting.UnitTests\CodeCoverageTesting.UnitTests.csproj", "{F10BA524-FEB2-4B9B-8B2E-A629105B621B}"
EndProject
Global
	GlobalSection(SolutionConfigurationPlatforms) = preSolution
		Debug|Any CPU = Debug|Any CPU
		Release|Any CPU = Release|Any CPU
	EndGlobalSection
	GlobalSection(ProjectConfigurationPlatforms) = postSolution
		{183D5E3D-9D77-46FF-8FE4-AD409F2BED02}.Debug|Any CPU.ActiveCfg = Debug|Any CPU
		{183D5E3D-9D77-46FF-8FE4-AD409F2BED02}.Debug|Any CPU.Build.0 = Debug|Any CPU
		{183D5E3D-9D77-46FF-8FE4-AD409F2BED02}.Release|Any CPU.ActiveCfg = Release|Any CPU
		{183D5E3D-9D77-46FF-8FE4-AD409F2BED02}.Release|Any CPU.Build.0 = Release|Any CPU
		{F10BA524-FEB2-4B9B-8B2E-A629105B621B}.Debug|Any CPU.ActiveCfg = Debug|Any CPU
		{F10BA524-FEB2-4B9B-8B2E-A629105B621B}.Debug|Any CPU.Build.0 = Debug|Any CPU
		{F10BA524-FEB2-4B9B-8B2E-A629105B621B}.Release|Any CPU.ActiveCfg = Release|Any CPU
		{F10BA524-FEB2-4B9B-8B2E-A629105B621B}.Release|Any CPU.Build.0 = Release|Any CPU
	EndGlobalSection
EndGlobal
